
Microsoft Visual Studio Solution File, Format Version 12.00
# Visual Studio Version 17
VisualStudioVersion = 17.7.34031.279
MinimumVisualStudioVersion = 10.0.40219.1
Project("{9A19103F-16F7-4668-BE54-9A1E7A4F7556}") = "RoomRental", "RoomRental.csproj", "{9A12ED77-0C41-4C3E-95EC-BBB9C871ECE1}"
EndProject
Project("{FAE04EC0-301F-11D3-BF4B-00C04F79EFBC}") = "ClassLibrary", "..\ClassLibrary\ClassLibrary.csproj", "{0EF510ED-FDF2-4020-8A01-229CB80FA03B}"
EndProject
Global
	GlobalSection(SolutionConfigurationPlatforms) = preSolution
		Debug|Any CPU = Debug|Any CPU
		Release|Any CPU = Release|Any CPU
	EndGlobalSection
	GlobalSection(ProjectConfigurationPlatforms) = postSolution
		{9A12ED77-0C41-4C3E-95EC-BBB9C871ECE1}.Debug|Any CPU.ActiveCfg = Debug|Any CPU
		{9A12ED77-0C41-4C3E-95EC-BBB9C871ECE1}.Debug|Any CPU.Build.0 = Debug|Any CPU
		{9A12ED77-0C41-4C3E-95EC-BBB9C871ECE1}.Release|Any CPU.ActiveCfg = Release|Any CPU
		{9A12ED77-0C41-4C3E-95EC-BBB9C871ECE1}.Release|Any CPU.Build.0 = Release|Any CPU
		{0EF510ED-FDF2-4020-8A01-229CB80FA03B}.Debug|Any CPU.ActiveCfg = Debug|Any CPU
		{0EF510ED-FDF2-4020-8A01-229CB80FA03B}.Debug|Any CPU.Build.0 = Debug|Any CPU
		{0EF510ED-FDF2-4020-8A01-229CB80FA03B}.Release|Any CPU.ActiveCfg = Release|Any CPU
		{0EF510ED-FDF2-4020-8A01-229CB80FA03B}.Release|Any CPU.Build.0 = Release|Any CPU
	EndGlobalSection
	GlobalSection(SolutionProperties) = preSolution
		HideSolutionNode = FALSE
	EndGlobalSection
	GlobalSection(ExtensibilityGlobals) = postSolution
		SolutionGuid = {E0A5E133-12F2-4D22-8443-44E4CDA24B7E}
	EndGlobalSection
EndGlobal
